
Microsoft Visual Studio Solution File, Format Version 12.00
# Visual Studio 15
VisualStudioVersion = 15.0.27004.2009
MinimumVisualStudioVersion = 10.0.40219.1
Project("{FAE04EC0-301F-11D3-BF4B-00C04F79EFBC}") = "DoFactory.GangOfFour.Singleton.RealWorld", "DoFactory.GangOfFour.Singleton.RealWorld\DoFactory.GangOfFour.Singleton.RealWorld.csproj", "{DCB6D7E1-BB8C-4B2A-BDA6-203EB1A3F846}"
EndProject
Global
	GlobalSection(SolutionConfigurationPlatforms) = preSolution
		Debug|Any CPU = Debug|Any CPU
		Release|Any CPU = Release|Any CPU
	EndGlobalSection
	GlobalSection(ProjectConfigurationPlatforms) = postSolution
		{DCB6D7E1-BB8C-4B2A-BDA6-203EB1A3F846}.Debug|Any CPU.ActiveCfg = Debug|Any CPU
		{DCB6D7E1-BB8C-4B2A-BDA6-203EB1A3F846}.Debug|Any CPU.Build.0 = Debug|Any CPU
		{DCB6D7E1-BB8C-4B2A-BDA6-203EB1A3F846}.Release|Any CPU.ActiveCfg = Release|Any CPU
		{DCB6D7E1-BB8C-4B2A-BDA6-203EB1A3F846}.Release|Any CPU.Build.0 = Release|Any CPU
	EndGlobalSection
	GlobalSection(SolutionProperties) = preSolution
		HideSolutionNode = FALSE
	EndGlobalSection
	GlobalSection(ExtensibilityGlobals) = postSolution
		SolutionGuid = {D8F3582B-7DCE-46D3-ACEB-0793BE5EF80C}
	EndGlobalSection
EndGlobal
